
Microsoft Visual Studio Solution File, Format Version 12.00
# Visual Studio 2013
VisualStudioVersion = 12.0.21005.1
MinimumVisualStudioVersion = 10.0.40219.1
Project("{8BC9CEB8-8B4A-11D0-8D11-00A0C91BC942}") = "BubbleSort", "BubbleSort\BubbleSort.vcxproj", "{02052D93-4442-4AF7-8FEC-3904470452D0}"
EndProject
Project("{8BC9CEB8-8B4A-11D0-8D11-00A0C91BC942}") = "HeapSort", "HeapSort\HeapSort.vcxproj", "{940BFE0A-B012-475B-A216-B93B3B38F70D}"
EndProject
Project("{8BC9CEB8-8B4A-11D0-8D11-00A0C91BC942}") = "IntMax", "IntMax\IntMax.vcxproj", "{BB301B10-2481-418A-824F-42F22F15ED56}"
EndProject
Project("{8BC9CEB8-8B4A-11D0-8D11-00A0C91BC942}") = "ShellSort", "ShellSort\ShellSort.vcxproj", "{A5DE6D51-9675-47F5-AB65-7618E495C41E}"
EndProject
Project("{8BC9CEB8-8B4A-11D0-8D11-00A0C91BC942}") = "QuickSort", "QuickSort\QuickSort.vcxproj", "{157AFC9D-3FF0-4E85-B59A-137C4F9394E7}"
EndProject
Project("{8BC9CEB8-8B4A-11D0-8D11-00A0C91BC942}") = "InsertionSort", "InsertionSort\InsertioSort.vcxproj", "{A0748B55-A794-4E1E-BE6A-F55AFAC49BFA}"
EndProject
Project("{8BC9CEB8-8B4A-11D0-8D11-00A0C91BC942}") = "MergeSort", "MergeSort\MergeSort.vcxproj", "{968BE1C7-52A8-4C5B-BFE3-476D15EBDB77}"
EndProject
Project("{8BC9CEB8-8B4A-11D0-8D11-00A0C91BC942}") = "SelectionSort", "SelectionSort\SelectionSort.vcxproj", "{5C70EA91-37EE-489A-884D-1932FEEAEAEF}"
EndProject
Project("{8BC9CEB8-8B4A-11D0-8D11-00A0C91BC942}") = "KMP", "KMP\KMP.vcxproj", "{28EF9DE8-B065-4546-9990-A0F81224CCE7}"
EndProject
Project("{8BC9CEB8-8B4A-11D0-8D11-00A0C91BC942}") = "Heap", "Heap\Heap.vcxproj", "{B63AA7A8-8080-48E9-A997-9E3726B886C5}"
EndProject
Project("{8BC9CEB8-8B4A-11D0-8D11-00A0C91BC942}") = "List", "List\List.vcxproj", "{18F5ECCA-CD04-468A-B71C-299942B8FB2A}"
EndProject
Project("{8BC9CEB8-8B4A-11D0-8D11-00A0C91BC942}") = "PrimeNumber", "PrimeNumber\PrimeNumber.vcxproj", "{2D45C94C-2034-4224-883B-083A5F03CB04}"
EndProject
Project("{8BC9CEB8-8B4A-11D0-8D11-00A0C91BC942}") = "Vector", "Vector\Vector.vcxproj", "{C0793F6F-F0B6-49B2-BA30-477F0DEF3340}"
EndProject
Project("{8BC9CEB8-8B4A-11D0-8D11-00A0C91BC942}") = "LCS", "LCS\LCS.vcxproj", "{08C27086-995F-49D3-BAAC-78738513B335}"
EndProject
Project("{8BC9CEB8-8B4A-11D0-8D11-00A0C91BC942}") = "Fibonacci", "Fibonacci\Fibonacci.vcxproj", "{2E96464A-6CFA-410C-9DF2-6AE27A0AA7CA}"
EndProject
Project("{8BC9CEB8-8B4A-11D0-8D11-00A0C91BC942}") = "NQueen", "NQueen\NQueen.vcxproj", "{62EFDB71-D917-4368-82DD-1CB439EF789E}"
EndProject
Project("{8BC9CEB8-8B4A-11D0-8D11-00A0C91BC942}") = "OfferBook", "OfferBook\OfferBook.vcxproj", "{4749E79E-2641-4BED-923D-A607C0D5FC0A}"
EndProject
Project("{8BC9CEB8-8B4A-11D0-8D11-00A0C91BC942}") = "HashTable", "HashTable\HashTable.vcxproj", "{360B0CB5-12ED-4C00-8E9A-13B6562757F9}"
EndProject
Project("{8BC9CEB8-8B4A-11D0-8D11-00A0C91BC942}") = "Permutation2", "Permutation2\Permutation2.vcxproj", "{6879E125-AAD1-4477-BCA2-3DF4FC15841D}"
EndProject
Project("{8BC9CEB8-8B4A-11D0-8D11-00A0C91BC942}") = "BreakContinue", "BreakContinue\BreakContinue.vcxproj", "{442EBDEF-AFA3-4F41-98C6-3ABFF6F1C6B5}"
EndProject
Project("{8BC9CEB8-8B4A-11D0-8D11-00A0C91BC942}") = "Permutations", "Permutations\Permutations.vcxproj", "{68E2F67D-1E70-45EE-94B8-C4FA53F86605}"
EndProject
Project("{8BC9CEB8-8B4A-11D0-8D11-00A0C91BC942}") = "rpn", "rpn\rpn.vcxproj", "{59B0ED6E-1DD2-42CC-A980-ABD805562857}"
EndProject
Project("{8BC9CEB8-8B4A-11D0-8D11-00A0C91BC942}") = "stack", "stack\stack.vcxproj", "{A22D1A56-8EEF-42FD-ABA3-18806663F35C}"
EndProject
Project("{8BC9CEB8-8B4A-11D0-8D11-00A0C91BC942}") = "Queue", "Queue\Queue.vcxproj", "{9A6A960B-5E88-4859-A6F2-B8CCCCDB104D}"
EndProject
Project("{8BC9CEB8-8B4A-11D0-8D11-00A0C91BC942}") = "BTree", "BTree\BTree.vcxproj", "{EC801EED-E2B7-47AB-981B-EEB1AE41F79A}"
EndProject
Project("{8BC9CEB8-8B4A-11D0-8D11-00A0C91BC942}") = "binTree", "binTree\binTree.vcxproj", "{9CAC598A-5CCF-47A7-82F1-AE5F3713469C}"
EndProject
Global
	GlobalSection(SolutionConfigurationPlatforms) = preSolution
		Debug|Win32 = Debug|Win32
		Release|Win32 = Release|Win32
	EndGlobalSection
	GlobalSection(ProjectConfigurationPlatforms) = postSolution
		{02052D93-4442-4AF7-8FEC-3904470452D0}.Debug|Win32.ActiveCfg = Debug|Win32
		{02052D93-4442-4AF7-8FEC-3904470452D0}.Debug|Win32.Build.0 = Debug|Win32
		{02052D93-4442-4AF7-8FEC-3904470452D0}.Release|Win32.ActiveCfg = Release|Win32
		{02052D93-4442-4AF7-8FEC-3904470452D0}.Release|Win32.Build.0 = Release|Win32
		{940BFE0A-B012-475B-A216-B93B3B38F70D}.Debug|Win32.ActiveCfg = Debug|Win32
		{940BFE0A-B012-475B-A216-B93B3B38F70D}.Debug|Win32.Build.0 = Debug|Win32
		{940BFE0A-B012-475B-A216-B93B3B38F70D}.Release|Win32.ActiveCfg = Release|Win32
		{940BFE0A-B012-475B-A216-B93B3B38F70D}.Release|Win32.Build.0 = Release|Win32
		{BB301B10-2481-418A-824F-42F22F15ED56}.Debug|Win32.ActiveCfg = Debug|Win32
		{BB301B10-2481-418A-824F-42F22F15ED56}.Debug|Win32.Build.0 = Debug|Win32
		{BB301B10-2481-418A-824F-42F22F15ED56}.Release|Win32.ActiveCfg = Release|Win32
		{BB301B10-2481-418A-824F-42F22F15ED56}.Release|Win32.Build.0 = Release|Win32
		{A5DE6D51-9675-47F5-AB65-7618E495C41E}.Debug|Win32.ActiveCfg = Debug|Win32
		{A5DE6D51-9675-47F5-AB65-7618E495C41E}.Debug|Win32.Build.0 = Debug|Win32
		{A5DE6D51-9675-47F5-AB65-7618E495C41E}.Release|Win32.ActiveCfg = Release|Win32
		{A5DE6D51-9675-47F5-AB65-7618E495C41E}.Release|Win32.Build.0 = Release|Win32
		{157AFC9D-3FF0-4E85-B59A-137C4F9394E7}.Debug|Win32.ActiveCfg = Debug|Win32
		{157AFC9D-3FF0-4E85-B59A-137C4F9394E7}.Debug|Win32.Build.0 = Debug|Win32
		{157AFC9D-3FF0-4E85-B59A-137C4F9394E7}.Release|Win32.ActiveCfg = Release|Win32
		{157AFC9D-3FF0-4E85-B59A-137C4F9394E7}.Release|Win32.Build.0 = Release|Win32
		{A0748B55-A794-4E1E-BE6A-F55AFAC49BFA}.Debug|Win32.ActiveCfg = Debug|Win32
		{A0748B55-A794-4E1E-BE6A-F55AFAC49BFA}.Debug|Win32.Build.0 = Debug|Win32
		{A0748B55-A794-4E1E-BE6A-F55AFAC49BFA}.Release|Win32.ActiveCfg = Release|Win32
		{A0748B55-A794-4E1E-BE6A-F55AFAC49BFA}.Release|Win32.Build.0 = Release|Win32
		{968BE1C7-52A8-4C5B-BFE3-476D15EBDB77}.Debug|Win32.ActiveCfg = Debug|Win32
		{968BE1C7-52A8-4C5B-BFE3-476D15EBDB77}.Debug|Win32.Build.0 = Debug|Win32
		{968BE1C7-52A8-4C5B-BFE3-476D15EBDB77}.Release|Win32.ActiveCfg = Release|Win32
		{968BE1C7-52A8-4C5B-BFE3-476D15EBDB77}.Release|Win32.Build.0 = Release|Win32
		{5C70EA91-37EE-489A-884D-1932FEEAEAEF}.Debug|Win32.ActiveCfg = Debug|Win32
		{5C70EA91-37EE-489A-884D-1932FEEAEAEF}.Debug|Win32.Build.0 = Debug|Win32
		{5C70EA91-37EE-489A-884D-1932FEEAEAEF}.Release|Win32.ActiveCfg = Release|Win32
		{5C70EA91-37EE-489A-884D-1932FEEAEAEF}.Release|Win32.Build.0 = Release|Win32
		{28EF9DE8-B065-4546-9990-A0F81224CCE7}.Debug|Win32.ActiveCfg = Debug|Win32
		{28EF9DE8-B065-4546-9990-A0F81224CCE7}.Debug|Win32.Build.0 = Debug|Win32
		{28EF9DE8-B065-4546-9990-A0F81224CCE7}.Release|Win32.ActiveCfg = Release|Win32
		{28EF9DE8-B065-4546-9990-A0F81224CCE7}.Release|Win32.Build.0 = Release|Win32
		{B63AA7A8-8080-48E9-A997-9E3726B886C5}.Debug|Win32.ActiveCfg = Debug|Win32
		{B63AA7A8-8080-48E9-A997-9E3726B886C5}.Debug|Win32.Build.0 = Debug|Win32
		{B63AA7A8-8080-48E9-A997-9E3726B886C5}.Release|Win32.ActiveCfg = Release|Win32
		{B63AA7A8-8080-48E9-A997-9E3726B886C5}.Release|Win32.Build.0 = Release|Win32
		{18F5ECCA-CD04-468A-B71C-299942B8FB2A}.Debug|Win32.ActiveCfg = Debug|Win32
		{18F5ECCA-CD04-468A-B71C-299942B8FB2A}.Debug|Win32.Build.0 = Debug|Win32
		{18F5ECCA-CD04-468A-B71C-299942B8FB2A}.Release|Win32.ActiveCfg = Release|Win32
		{18F5ECCA-CD04-468A-B71C-299942B8FB2A}.Release|Win32.Build.0 = Release|Win32
		{2D45C94C-2034-4224-883B-083A5F03CB04}.Debug|Win32.ActiveCfg = Debug|Win32
		{2D45C94C-2034-4224-883B-083A5F03CB04}.Debug|Win32.Build.0 = Debug|Win32
		{2D45C94C-2034-4224-883B-083A5F03CB04}.Release|Win32.ActiveCfg = Release|Win32
		{2D45C94C-2034-4224-883B-083A5F03CB04}.Release|Win32.Build.0 = Release|Win32
		{C0793F6F-F0B6-49B2-BA30-477F0DEF3340}.Debug|Win32.ActiveCfg = Debug|Win32
		{C0793F6F-F0B6-49B2-BA30-477F0DEF3340}.Debug|Win32.Build.0 = Debug|Win32
		{C0793F6F-F0B6-49B2-BA30-477F0DEF3340}.Release|Win32.ActiveCfg = Release|Win32
		{C0793F6F-F0B6-49B2-BA30-477F0DEF3340}.Release|Win32.Build.0 = Release|Win32
		{08C27086-995F-49D3-BAAC-78738513B335}.Debug|Win32.ActiveCfg = Debug|Win32
		{08C27086-995F-49D3-BAAC-78738513B335}.Debug|Win32.Build.0 = Debug|Win32
		{08C27086-995F-49D3-BAAC-78738513B335}.Release|Win32.ActiveCfg = Release|Win32
		{08C27086-995F-49D3-BAAC-78738513B335}.Release|Win32.Build.0 = Release|Win32
		{2E96464A-6CFA-410C-9DF2-6AE27A0AA7CA}.Debug|Win32.ActiveCfg = Debug|Win32
		{2E96464A-6CFA-410C-9DF2-6AE27A0AA7CA}.Debug|Win32.Build.0 = Debug|Win32
		{2E96464A-6CFA-410C-9DF2-6AE27A0AA7CA}.Release|Win32.ActiveCfg = Release|Win32
		{2E96464A-6CFA-410C-9DF2-6AE27A0AA7CA}.Release|Win32.Build.0 = Release|Win32
		{62EFDB71-D917-4368-82DD-1CB439EF789E}.Debug|Win32.ActiveCfg = Debug|Win32
		{62EFDB71-D917-4368-82DD-1CB439EF789E}.Debug|Win32.Build.0 = Debug|Win32
		{62EFDB71-D917-4368-82DD-1CB439EF789E}.Release|Win32.ActiveCfg = Release|Win32
		{62EFDB71-D917-4368-82DD-1CB439EF789E}.Release|Win32.Build.0 = Release|Win32
		{4749E79E-2641-4BED-923D-A607C0D5FC0A}.Debug|Win32.ActiveCfg = Debug|Win32
		{4749E79E-2641-4BED-923D-A607C0D5FC0A}.Debug|Win32.Build.0 = Debug|Win32
		{4749E79E-2641-4BED-923D-A607C0D5FC0A}.Release|Win32.ActiveCfg = Release|Win32
		{4749E79E-2641-4BED-923D-A607C0D5FC0A}.Release|Win32.Build.0 = Release|Win32
		{360B0CB5-12ED-4C00-8E9A-13B6562757F9}.Debug|Win32.ActiveCfg = Debug|Win32
		{360B0CB5-12ED-4C00-8E9A-13B6562757F9}.Debug|Win32.Build.0 = Debug|Win32
		{360B0CB5-12ED-4C00-8E9A-13B6562757F9}.Release|Win32.ActiveCfg = Release|Win32
		{360B0CB5-12ED-4C00-8E9A-13B6562757F9}.Release|Win32.Build.0 = Release|Win32
		{6879E125-AAD1-4477-BCA2-3DF4FC15841D}.Debug|Win32.ActiveCfg = Debug|Win32
		{6879E125-AAD1-4477-BCA2-3DF4FC15841D}.Debug|Win32.Build.0 = Debug|Win32
		{6879E125-AAD1-4477-BCA2-3DF4FC15841D}.Release|Win32.ActiveCfg = Release|Win32
		{6879E125-AAD1-4477-BCA2-3DF4FC15841D}.Release|Win32.Build.0 = Release|Win32
		{442EBDEF-AFA3-4F41-98C6-3ABFF6F1C6B5}.Debug|Win32.ActiveCfg = Debug|Win32
		{442EBDEF-AFA3-4F41-98C6-3ABFF6F1C6B5}.Debug|Win32.Build.0 = Debug|Win32
		{442EBDEF-AFA3-4F41-98C6-3ABFF6F1C6B5}.Release|Win32.ActiveCfg = Release|Win32
		{442EBDEF-AFA3-4F41-98C6-3ABFF6F1C6B5}.Release|Win32.Build.0 = Release|Win32
		{68E2F67D-1E70-45EE-94B8-C4FA53F86605}.Debug|Win32.ActiveCfg = Debug|Win32
		{68E2F67D-1E70-45EE-94B8-C4FA53F86605}.Debug|Win32.Build.0 = Debug|Win32
		{68E2F67D-1E70-45EE-94B8-C4FA53F86605}.Release|Win32.ActiveCfg = Release|Win32
		{68E2F67D-1E70-45EE-94B8-C4FA53F86605}.Release|Win32.Build.0 = Release|Win32
		{59B0ED6E-1DD2-42CC-A980-ABD805562857}.Debug|Win32.ActiveCfg = Debug|Win32
		{59B0ED6E-1DD2-42CC-A980-ABD805562857}.Debug|Win32.Build.0 = Debug|Win32
		{59B0ED6E-1DD2-42CC-A980-ABD805562857}.Release|Win32.ActiveCfg = Release|Win32
		{59B0ED6E-1DD2-42CC-A980-ABD805562857}.Release|Win32.Build.0 = Release|Win32
		{A22D1A56-8EEF-42FD-ABA3-18806663F35C}.Debug|Win32.ActiveCfg = Debug|Win32
		{A22D1A56-8EEF-42FD-ABA3-18806663F35C}.Debug|Win32.Build.0 = Debug|Win32
		{A22D1A56-8EEF-42FD-ABA3-18806663F35C}.Release|Win32.ActiveCfg = Release|Win32
		{A22D1A56-8EEF-42FD-ABA3-18806663F35C}.Release|Win32.Build.0 = Release|Win32
		{9A6A960B-5E88-4859-A6F2-B8CCCCDB104D}.Debug|Win32.ActiveCfg = Debug|Win32
		{9A6A960B-5E88-4859-A6F2-B8CCCCDB104D}.Debug|Win32.Build.0 = Debug|Win32
		{9A6A960B-5E88-4859-A6F2-B8CCCCDB104D}.Release|Win32.ActiveCfg = Release|Win32
		{9A6A960B-5E88-4859-A6F2-B8CCCCDB104D}.Release|Win32.Build.0 = Release|Win32
		{EC801EED-E2B7-47AB-981B-EEB1AE41F79A}.Debug|Win32.ActiveCfg = Debug|Win32
		{EC801EED-E2B7-47AB-981B-EEB1AE41F79A}.Debug|Win32.Build.0 = Debug|Win32
		{EC801EED-E2B7-47AB-981B-EEB1AE41F79A}.Release|Win32.ActiveCfg = Release|Win32
		{EC801EED-E2B7-47AB-981B-EEB1AE41F79A}.Release|Win32.Build.0 = Release|Win32
		{9CAC598A-5CCF-47A7-82F1-AE5F3713469C}.Debug|Win32.ActiveCfg = Debug|Win32
		{9CAC598A-5CCF-47A7-82F1-AE5F3713469C}.Debug|Win32.Build.0 = Debug|Win32
		{9CAC598A-5CCF-47A7-82F1-AE5F3713469C}.Release|Win32.ActiveCfg = Release|Win32
		{9CAC598A-5CCF-47A7-82F1-AE5F3713469C}.Release|Win32.Build.0 = Release|Win32
	EndGlobalSection
	GlobalSection(SolutionProperties) = preSolution
		HideSolutionNode = FALSE
	EndGlobalSection
EndGlobal
